
Microsoft Visual Studio Solution File, Format Version 12.00
# Visual Studio Version 16
VisualStudioVersion = 16.0.31729.503
MinimumVisualStudioVersion = 10.0.40219.1
Project("{FAE04EC0-301F-11D3-BF4B-00C04F79EFBC}") = "Observer", "Observer\Observer.csproj", "{8D754E5B-B350-44D8-B555-66F2B886B078}"
EndProject
Global
	GlobalSection(SolutionConfigurationPlatforms) = preSolution
		Debug|Any CPU = Debug|Any CPU
		Release|Any CPU = Release|Any CPU
	EndGlobalSection
	GlobalSection(ProjectConfigurationPlatforms) = postSolution
		{8D754E5B-B350-44D8-B555-66F2B886B078}.Debug|Any CPU.ActiveCfg = Debug|Any CPU
		{8D754E5B-B350-44D8-B555-66F2B886B078}.Debug|Any CPU.Build.0 = Debug|Any CPU
		{8D754E5B-B350-44D8-B555-66F2B886B078}.Release|Any CPU.ActiveCfg = Release|Any CPU
		{8D754E5B-B350-44D8-B555-66F2B886B078}.Release|Any CPU.Build.0 = Release|Any CPU
	EndGlobalSection
	GlobalSection(SolutionProperties) = preSolution
		HideSolutionNode = FALSE
	EndGlobalSection
	GlobalSection(ExtensibilityGlobals) = postSolution
		SolutionGuid = {3EB9A622-55E9-4213-80FC-B9CADB4D06EC}
	EndGlobalSection
EndGlobal
